
Microsoft Visual Studio Solution File, Format Version 12.00
# Visual Studio Version 17
VisualStudioVersion = 17.2.32630.192
MinimumVisualStudioVersion = 10.0.40219.1
Project("{8BC9CEB8-8B4A-11D0-8D11-00A0C91BC942}") = "OOPsnake", "OOPsnake\OOPsnake.vcxproj", "{BEE26D74-87DE-44AE-8578-D76F4D723533}"
EndProject
Global
	GlobalSection(SolutionConfigurationPlatforms) = preSolution
		Debug|x64 = Debug|x64
		Debug|x86 = Debug|x86
		Release|x64 = Release|x64
		Release|x86 = Release|x86
	EndGlobalSection
	GlobalSection(ProjectConfigurationPlatforms) = postSolution
		{BEE26D74-87DE-44AE-8578-D76F4D723533}.Debug|x64.ActiveCfg = Debug|x64
		{BEE26D74-87DE-44AE-8578-D76F4D723533}.Debug|x64.Build.0 = Debug|x64
		{BEE26D74-87DE-44AE-8578-D76F4D723533}.Debug|x86.ActiveCfg = Debug|Win32
		{BEE26D74-87DE-44AE-8578-D76F4D723533}.Debug|x86.Build.0 = Debug|Win32
		{BEE26D74-87DE-44AE-8578-D76F4D723533}.Release|x64.ActiveCfg = Release|x64
		{BEE26D74-87DE-44AE-8578-D76F4D723533}.Release|x64.Build.0 = Release|x64
		{BEE26D74-87DE-44AE-8578-D76F4D723533}.Release|x86.ActiveCfg = Release|Win32
		{BEE26D74-87DE-44AE-8578-D76F4D723533}.Release|x86.Build.0 = Release|Win32
	EndGlobalSection
	GlobalSection(SolutionProperties) = preSolution
		HideSolutionNode = FALSE
	EndGlobalSection
	GlobalSection(ExtensibilityGlobals) = postSolution
		SolutionGuid = {D7BDCB82-C827-4992-A910-AB931CB9F89F}
	EndGlobalSection
EndGlobal
